// !$*UTF8*$!
{
	archiveVersion = 1;
	classes = {
	};
	objectVersion = 56;
	objects = {

/* Begin PBXBuildFile section */
		47BF1CA12AB766580015C27B /* EnvironmentObjectApp.swift in Sources */ = {isa = PBXBuildFile; fileRef = 47BF1CA02AB766580015C27B /* EnvironmentObjectApp.swift */; };
		47BF1CA52AB766590015C27B /* Assets.xcassets in Resources */ = {isa = PBXBuildFile; fileRef = 47BF1CA42AB766590015C27B /* Assets.xcassets */; };
		47BF1CA82AB766590015C27B /* Preview Assets.xcassets in Resources */ = {isa = PBXBuildFile; fileRef = 47BF1CA72AB766590015C27B /* Preview Assets.xcassets */; };
		47BF1CAF2AB7667E0015C27B /* SharedData.swift in Sources */ = {isa = PBXBuildFile; fileRef = 47BF1CAE2AB7667E0015C27B /* SharedData.swift */; };
		47BF1CB12AB766AB0015C27B /* ScreenA.swift in Sources */ = {isa = PBXBuildFile; fileRef = 47BF1CB02AB766AB0015C27B /* ScreenA.swift */; };
		47BF1CB32AB766CA0015C27B /* ScreenB.swift in Sources */ = {isa = PBXBuildFile; fileRef = 47BF1CB22AB766CA0015C27B /* ScreenB.swift */; };
		47BF1CB52AB766DB0015C27B /* ScreenC.swift in Sources */ = {isa = PBXBuildFile; fileRef = 47BF1CB42AB766DB0015C27B /* ScreenC.swift */; };
/* End PBXBuildFile section */

/* Begin PBXFileReference section */
		47BF1C9D2AB766580015C27B /* EnvironmentObject.app */ = {isa = PBXFileReference; explicitFileType = wrapper.application; includeInIndex = 0; path = EnvironmentObject.app; sourceTree = BUILT_PRODUCTS_DIR; };
		47BF1CA02AB766580015C27B /* EnvironmentObjectApp.swift */ = {isa = PBXFileReference; lastKnownFileType = sourcecode.swift; path = EnvironmentObjectApp.swift; sourceTree = "<group>"; };
		47BF1CA42AB766590015C27B /* Assets.xcassets */ = {isa = PBXFileReference; lastKnownFileType = folder.assetcatalog; path = Assets.xcassets; sourceTree = "<group>"; };
		47BF1CA72AB766590015C27B /* Preview Assets.xcassets */ = {isa = PBXFileReference; lastKnownFileType = folder.assetcatalog; path = "Preview Assets.xcassets"; sourceTree = "<group>"; };
		47BF1CAE2AB7667E0015C27B /* SharedData.swift */ = {isa = PBXFileReference; lastKnownFileType = sourcecode.swift; path = SharedData.swift; sourceTree = "<group>"; };
		47BF1CB02AB766AB0015C27B /* ScreenA.swift */ = {isa = PBXFileReference; lastKnownFileType = sourcecode.swift; path = ScreenA.swift; sourceTree = "<group>"; };
		47BF1CB22AB766CA0015C27B /* ScreenB.swift */ = {isa = PBXFileReference; lastKnownFileType = sourcecode.swift; path = ScreenB.swift; sourceTree = "<group>"; };
		47BF1CB42AB766DB0015C27B /* ScreenC.swift */ = {isa = PBXFileReference; lastKnownFileType = sourcecode.swift; path = ScreenC.swift; sourceTree = "<group>"; };
/* End PBXFileReference section */

/* Begin PBXFrameworksBuildPhase section */
		47BF1C9A2AB766580015C27B /* Frameworks */ = {
			isa = PBXFrameworksBuildPhase;
			buildActionMask = 2147483647;
			files = (
			);
			runOnlyForDeploymentPostprocessing = 0;
		};
/* End PBXFrameworksBuildPhase section */

/* Begin PBXGroup section */
		47BF1C942AB766580015C27B = {
			isa = PBXGroup;
			children = (
				47BF1C9F2AB766580015C27B /* EnvironmentObject */,
				47BF1C9E2AB766580015C27B /* Products */,
			);
			sourceTree = "<group>";
		};
		47BF1C9E2AB766580015C27B /* Products */ = {
			isa = PBXGroup;
			children = (
				47BF1C9D2AB766580015C27B /* EnvironmentObject.app */,
			);
			name = Products;
			sourceTree = "<group>";
		};
		47BF1C9F2AB766580015C27B /* EnvironmentObject */ = {
			isa = PBXGroup;
			children = (
				47BF1CA02AB766580015C27B /* EnvironmentObjectApp.swift */,
				47BF1CA42AB766590015C27B /* Assets.xcassets */,
				47BF1CA62AB766590015C27B /* Preview Content */,
				47BF1CAE2AB7667E0015C27B /* SharedData.swift */,
				47BF1CB02AB766AB0015C27B /* ScreenA.swift */,
				47BF1CB22AB766CA0015C27B /* ScreenB.swift */,
				47BF1CB42AB766DB0015C27B /* ScreenC.swift */,
			);
			path = EnvironmentObject;
			sourceTree = "<group>";
		};
		47BF1CA62AB766590015C27B /* Preview Content */ = {
			isa = PBXGroup;
			children = (
				47BF1CA72AB766590015C27B /* Preview Assets.xcassets */,
			);
			path = "Preview Content";
			sourceTree = "<group>";
		};
/* End PBXGroup section */

/* Begin PBXNativeTarget section */
		47BF1C9C2AB766580015C27B /* EnvironmentObject */ = {
			isa = PBXNativeTarget;
			buildConfigurationList = 47BF1CAB2AB766590015C27B /* Build configuration list for PBXNativeTarget "EnvironmentObject" */;
			buildPhases = (
				47BF1C992AB766580015C27B /* Sources */,
				47BF1C9A2AB766580015C27B /* Frameworks */,
				47BF1C9B2AB766580015C27B /* Resources */,
			);
			buildRules = (
			);
			dependencies = (
			);
			name = EnvironmentObject;
			productName = EnvironmentObject;
			productReference = 47BF1C9D2AB766580015C27B /* EnvironmentObject.app */;
			productType = "com.apple.product-type.application";
		};
/* End PBXNativeTarget section */

/* Begin PBXProject section */
		47BF1C952AB766580015C27B /* Project object */ = {
			isa = PBXProject;
			attributes = {
				BuildIndependentTargetsInParallel = 1;
				LastSwiftUpdateCheck = 1500;
				LastUpgradeCheck = 1500;
				TargetAttributes = {
					47BF1C9C2AB766580015C27B = {
						CreatedOnToolsVersion = 15.0;
					};
				};
			};
			buildConfigurationList = 47BF1C982AB766580015C27B /* Build configuration list for PBXProject "EnvironmentObject" */;
			compatibilityVersion = "Xcode 14.0";
			developmentRegion = en;
			hasScannedForEncodings = 0;
			knownRegions = (
				en,
				Base,
			);
			mainGroup = 47BF1C942AB766580015C27B;
			productRefGroup = 47BF1C9E2AB766580015C27B /* Products */;
			projectDirPath = "";
			projectRoot = "";
			targets = (
				47BF1C9C2AB766580015C27B /* EnvironmentObject */,
			);
		};
/* End PBXProject section */

/* Begin PBXResourcesBuildPhase section */
		47BF1C9B2AB766580015C27B /* Resources */ = {
			isa = PBXResourcesBuildPhase;
			buildActionMask = 2147483647;
			files = (
				47BF1CA82AB766590015C27B /* Preview Assets.xcassets in Resources */,
				47BF1CA52AB766590015C27B /* Assets.xcassets in Resources */,
			);
			runOnlyForDeploymentPostprocessing = 0;
		};
/* End PBXResourcesBuildPhase section */

/* Begin PBXSourcesBuildPhase section */
		47BF1C992AB766580015C27B /* Sources */ = {
			isa = PBXSourcesBuildPhase;
			buildActionMask = 2147483647;
			files = (
				47BF1CAF2AB7667E0015C27B /* SharedData.swift in Sources */,
				47BF1CB32AB766CA0015C27B /* ScreenB.swift in Sources */,
				47BF1CB12AB766AB0015C27B /* ScreenA.swift in Sources */,
				47BF1CB52AB766DB0015C27B /* ScreenC.swift in Sources */,
				47BF1CA12AB766580015C27B /* EnvironmentObjectApp.swift in Sources */,
			);
			runOnlyForDeploymentPostprocessing = 0;
		};
/* End PBXSourcesBuildPhase section */

/* Begin XCBuildConfiguration section */
		47BF1CA92AB766590015C27B /* Debug */ = {
			isa = XCBuildConfiguration;
			buildSettings = {
				ALWAYS_SEARCH_USER_PATHS = NO;
				ASSETCATALOG_COMPILER_GENERATE_SWIFT_ASSET_SYMBOL_EXTENSIONS = YES;
				CLANG_ANALYZER_NONNULL = YES;
				CLANG_ANALYZER_NUMBER_OBJECT_CONVERSION = YES_AGGRESSIVE;
				CLANG_CXX_LANGUAGE_STANDARD = "gnu++20";
				CLANG_ENABLE_MODULES = YES;
				CLANG_ENABLE_OBJC_ARC = YES;
				CLANG_ENABLE_OBJC_WEAK = YES;
				CLANG_WARN_BLOCK_CAPTURE_AUTORELEASING = YES;
				CLANG_WARN_BOOL_CONVERSION = YES;
				CLANG_WARN_COMMA = YES;
				CLANG_WARN_CONSTANT_CONVERSION = YES;
				CLANG_WARN_DEPRECATED_OBJC_IMPLEMENTATIONS = YES;
				CLANG_WARN_DIRECT_OBJC_ISA_USAGE = YES_ERROR;
				CLANG_WARN_DOCUMENTATION_COMMENTS = YES;
				CLANG_WARN_EMPTY_BODY = YES;
				CLANG_WARN_ENUM_CONVERSION = YES;
				CLANG_WARN_INFINITE_RECURSION = YES;
				CLANG_WARN_INT_CONVERSION = YES;
				CLANG_WARN_NON_LITERAL_NULL_CONVERSION = YES;
				CLANG_WARN_OBJC_IMPLICIT_RETAIN_SELF = YES;
				CLANG_WARN_OBJC_LITERAL_CONVERSION = YES;
				CLANG_WARN_OBJC_ROOT_CLASS = YES_ERROR;
				CLANG_WARN_QUOTED_INCLUDE_IN_FRAMEWORK_HEADER = YES;
				CLANG_WARN_RANGE_LOOP_ANALYSIS = YES;
				CLANG_WARN_STRICT_PROTOTYPES = YES;
				CLANG_WARN_SUSPICIOUS_MOVE = YES;
				CLANG_WARN_UNGUARDED_AVAILABILITY = YES_AGGRESSIVE;
				CLANG_WARN_UNREACHABLE_CODE = YES;
				CLANG_WARN__DUPLICATE_METHOD_MATCH = YES;
				COPY_PHASE_STRIP = NO;
				DEBUG_INFORMATION_FORMAT = dwarf;
				ENABLE_STRICT_OBJC_MSGSEND = YES;
				ENABLE_TESTABILITY = YES;
				ENABLE_USER_SCRIPT_SANDBOXING = YES;
				GCC_C_LANGUAGE_STANDARD = gnu17;
				GCC_DYNAMIC_NO_PIC = NO;
				GCC_NO_COMMON_BLOCKS = YES;
				GCC_OPTIMIZATION_LEVEL = 0;
				GCC_PREPROCESSOR_DEFINITIONS = (
					"DEBUG=1",
					"$(inherited)",
				);
				GCC_WARN_64_TO_32_BIT_CONVERSION = YES;
				GCC_WARN_ABOUT_RETURN_TYPE = YES_ERROR;
				GCC_WARN_UNDECLARED_SELECTOR = YES;
				GCC_WARN_UNINITIALIZED_AUTOS = YES_AGGRESSIVE;
				GCC_WARN_UNUSED_FUNCTION = YES;
				GCC_WARN_UNUSED_VARIABLE = YES;
				IPHONEOS_DEPLOYMENT_TARGET = 16.1;
				LOCALIZATION_PREFERS_STRING_CATALOGS = YES;
				MTL_ENABLE_DEBUG_INFO = INCLUDE_SOURCE;
				MTL_FAST_MATH = YES;
				ONLY_ACTIVE_ARCH = YES;
				SDKROOT = iphoneos;
				SWIFT_ACTIVE_COMPILATION_CONDITIONS = "DEBUG $(inherited)";
				SWIFT_OPTIMIZATION_LEVEL = "-Onone";
			};
			name = Debug;
		};
		47BF1CAA2AB766590015C27B /* Release */ = {
			isa = XCBuildConfiguration;
			buildSettings = {
				ALWAYS_SEARCH_USER_PATHS = NO;
				ASSETCATALOG_COMPILER_GENERATE_SWIFT_ASSET_SYMBOL_EXTENSIONS = YES;
				CLANG_ANALYZER_NONNULL = YES;
				CLANG_ANALYZER_NUMBER_OBJECT_CONVERSION = YES_AGGRESSIVE;
				CLANG_CXX_LANGUAGE_STANDARD = "gnu++20";
				CLANG_ENABLE_MODULES = YES;
				CLANG_ENABLE_OBJC_ARC = YES;
				CLANG_ENABLE_OBJC_WEAK = YES;
				CLANG_WARN_BLOCK_CAPTURE_AUTORELEASING = YES;
				CLANG_WARN_BOOL_CONVERSION = YES;
				CLANG_WARN_COMMA = YES;
				CLANG_WARN_CONSTANT_CONVERSION = YES;
				CLANG_WARN_DEPRECATED_OBJC_IMPLEMENTATIONS = YES;
				CLANG_WARN_DIRECT_OBJC_ISA_USAGE = YES_ERROR;
				CLANG_WARN_DOCUMENTATION_COMMENTS = YES;
				CLANG_WARN_EMPTY_BODY = YES;
				CLANG_WARN_ENUM_CONVERSION = YES;
				CLANG_WARN_INFINITE_RECURSION = YES;
				CLANG_WARN_INT_CONVERSION = YES;
				CLANG_WARN_NON_LITERAL_NULL_CONVERSION = YES;
				CLANG_WARN_OBJC_IMPLICIT_RETAIN_SELF = YES;
				CLANG_WARN_OBJC_LITERAL_CONVERSION = YES;
				CLANG_WARN_OBJC_ROOT_CLASS = YES_ERROR;
				CLANG_WARN_QUOTED_INCLUDE_IN_FRAMEWORK_HEADER = YES;
				CLANG_WARN_RANGE_LOOP_ANALYSIS = YES;
				CLANG_WARN_STRICT_PROTOTYPES = YES;
				CLANG_WARN_SUSPICIOUS_MOVE = YES;
				CLANG_WARN_UNGUARDED_AVAILABILITY = YES_AGGRESSIVE;
				CLANG_WARN_UNREACHABLE_CODE = YES;
				CLANG_WARN__DUPLICATE_METHOD_MATCH = YES;
				COPY_PHASE_STRIP = NO;
				DEBUG_INFORMATION_FORMAT = "dwarf-with-dsym";
				ENABLE_NS_ASSERTIONS = NO;
				ENABLE_STRICT_OBJC_MSGSEND = YES;
				ENABLE_USER_SCRIPT_SANDBOXING = YES;
				GCC_C_LANGUAGE_STANDARD = gnu17;
				GCC_NO_COMMON_BLOCKS = YES;
				GCC_WARN_64_TO_32_BIT_CONVERSION = YES;
				GCC_WARN_ABOUT_RETURN_TYPE = YES_ERROR;
				GCC_WARN_UNDECLARED_SELECTOR = YES;
				GCC_WARN_UNINITIALIZED_AUTOS = YES_AGGRESSIVE;
				GCC_WARN_UNUSED_FUNCTION = YES;
				GCC_WARN_UNUSED_VARIABLE = YES;
				IPHONEOS_DEPLOYMENT_TARGET = 16.1;
				LOCALIZATION_PREFERS_STRING_CATALOGS = YES;
				MTL_ENABLE_DEBUG_INFO = NO;
				MTL_FAST_MATH = YES;
				SDKROOT = iphoneos;
				SWIFT_COMPILATION_MODE = wholemodule;
				VALIDATE_PRODUCT = YES;
			};
			name = Release;
		};
		47BF1CAC2AB766590015C27B /* Debug */ = {
			isa = XCBuildConfiguration;
			buildSettings = {
				ASSETCATALOG_COMPILER_APPICON_NAME = AppIcon;
				ASSETCATALOG_COMPILER_GLOBAL_ACCENT_COLOR_NAME = AccentColor;
				CODE_SIGN_STYLE = Automatic;
				CURRENT_PROJECT_VERSION = 1;
				DEVELOPMENT_ASSET_PATHS = "\"EnvironmentObject/Preview Content\"";
				DEVELOPMENT_TEAM = 7MUJAHA8RW;
				ENABLE_PREVIEWS = YES;
				GENERATE_INFOPLIST_FILE = YES;
				INFOPLIST_KEY_UIApplicationSceneManifest_Generation = YES;
				INFOPLIST_KEY_UIApplicationSupportsIndirectInputEvents = YES;
				INFOPLIST_KEY_UILaunchScreen_Generation = YES;
				INFOPLIST_KEY_UISupportedInterfaceOrientations_iPad = "UIInterfaceOrientationPortrait UIInterfaceOrientationPortraitUpsideDown UIInterfaceOrientationLandscapeLeft UIInterfaceOrientationLandscapeRight";
				INFOPLIST_KEY_UISupportedInterfaceOrientations_iPhone = "UIInterfaceOrientationPortrait UIInterfaceOrientationLandscapeLeft UIInterfaceOrientationLandscapeRight";
				LD_RUNPATH_SEARCH_PATHS = (
					"$(inherited)",
					"@executable_path/Frameworks",
				);
				MARKETING_VERSION = 1.0;
				PRODUCT_BUNDLE_IDENTIFIER = com.cengizhantomak.EnvironmentObject;
				PRODUCT_NAME = "$(TARGET_NAME)";
				SWIFT_EMIT_LOC_STRINGS = YES;
				SWIFT_VERSION = 5.0;
				TARGETED_DEVICE_FAMILY = "1,2";
			};
			name = Debug;
		};
		47BF1CAD2AB766590015C27B /* Release */ = {
			isa = XCBuildConfiguration;
			buildSettings = {
				ASSETCATALOG_COMPILER_APPICON_NAME = AppIcon;
				ASSETCATALOG_COMPILER_GLOBAL_ACCENT_COLOR_NAME = AccentColor;
				CODE_SIGN_STYLE = Automatic;
				CURRENT_PROJECT_VERSION = 1;
				DEVELOPMENT_ASSET_PATHS = "\"EnvironmentObject/Preview Content\"";
				DEVELOPMENT_TEAM = 7MUJAHA8RW;
				ENABLE_PREVIEWS = YES;
				GENERATE_INFOPLIST_FILE = YES;
				INFOPLIST_KEY_UIApplicationSceneManifest_Generation = YES;
				INFOPLIST_KEY_UIApplicationSupportsIndirectInputEvents = YES;
				INFOPLIST_KEY_UILaunchScreen_Generation = YES;
				INFOPLIST_KEY_UISupportedInterfaceOrientations_iPad = "UIInterfaceOrientationPortrait UIInterfaceOrientationPortraitUpsideDown UIInterfaceOrientationLandscapeLeft UIInterfaceOrientationLandscapeRight";
				INFOPLIST_KEY_UISupportedInterfaceOrientations_iPhone = "UIInterfaceOrientationPortrait UIInterfaceOrientationLandscapeLeft UIInterfaceOrientationLandscapeRight";
				LD_RUNPATH_SEARCH_PATHS = (
					"$(inherited)",
					"@executable_path/Frameworks",
				);
				MARKETING_VERSION = 1.0;
				PRODUCT_BUNDLE_IDENTIFIER = com.cengizhantomak.EnvironmentObject;
				PRODUCT_NAME = "$(TARGET_NAME)";
				SWIFT_EMIT_LOC_STRINGS = YES;
				SWIFT_VERSION = 5.0;
				TARGETED_DEVICE_FAMILY = "1,2";
			};
			name = Release;
		};
/* End XCBuildConfiguration section */

/* Begin XCConfigurationList section */
		47BF1C982AB766580015C27B /* Build configuration list for PBXProject "EnvironmentObject" */ = {
			isa = XCConfigurationList;
			buildConfigurations = (
				47BF1CA92AB766590015C27B /* Debug */,
				47BF1CAA2AB766590015C27B /* Release */,
			);
			defaultConfigurationIsVisible = 0;
			defaultConfigurationName = Release;
		};
		47BF1CAB2AB766590015C27B /* Build configuration list for PBXNativeTarget "EnvironmentObject" */ = {
			isa = XCConfigurationList;
			buildConfigurations = (
				47BF1CAC2AB766590015C27B /* Debug */,
				47BF1CAD2AB766590015C27B /* Release */,
			);
			defaultConfigurationIsVisible = 0;
			defaultConfigurationName = Release;
		};
/* End XCConfigurationList section */
	};
	rootObject = 47BF1C952AB766580015C27B /* Project object */;
}
